// !$*UTF8*$!
{
	archiveVersion = 1;
	classes = {
	};
	objectVersion = 56;
	objects = {

/* Begin PBXBuildFile section */
		8D61BD2E2D63BF0800AD6C0C /* ViperTestApp.swift in Sources */ = {isa = PBXBuildFile; fileRef = 8D61BD2D2D63BF0800AD6C0C /* ViperTestApp.swift */; };
		8D61BD302D63BF0800AD6C0C /* ContentView.swift in Sources */ = {isa = PBXBuildFile; fileRef = 8D61BD2F2D63BF0800AD6C0C /* ContentView.swift */; };
		8D61BD322D63BF0900AD6C0C /* Assets.xcassets in Resources */ = {isa = PBXBuildFile; fileRef = 8D61BD312D63BF0900AD6C0C /* Assets.xcassets */; };
		8D61BD352D63BF0900AD6C0C /* Preview Assets.xcassets in Resources */ = {isa = PBXBuildFile; fileRef = 8D61BD342D63BF0900AD6C0C /* Preview Assets.xcassets */; };
		8D61BD412D63C11000AD6C0C /* NotesListView.swift in Sources */ = {isa = PBXBuildFile; fileRef = 8D61BD402D63C11000AD6C0C /* NotesListView.swift */; };
		8D61BD432D63C11D00AD6C0C /* NotesDetailView.swift in Sources */ = {isa = PBXBuildFile; fileRef = 8D61BD422D63C11D00AD6C0C /* NotesDetailView.swift */; };
		8D61BD452D63C12900AD6C0C /* NotesPresenter.swift in Sources */ = {isa = PBXBuildFile; fileRef = 8D61BD442D63C12900AD6C0C /* NotesPresenter.swift */; };
		8D61BD472D63C13600AD6C0C /* NotesInteractor.swift in Sources */ = {isa = PBXBuildFile; fileRef = 8D61BD462D63C13600AD6C0C /* NotesInteractor.swift */; };
		8D61BD492D63C15800AD6C0C /* NotesRouter.swift in Sources */ = {isa = PBXBuildFile; fileRef = 8D61BD482D63C15800AD6C0C /* NotesRouter.swift */; };
		8D61BD4B2D63C16700AD6C0C /* DataLayer.swift in Sources */ = {isa = PBXBuildFile; fileRef = 8D61BD4A2D63C16700AD6C0C /* DataLayer.swift */; };
		8D61BD4D2D63C17500AD6C0C /* CoreDataStack.swift in Sources */ = {isa = PBXBuildFile; fileRef = 8D61BD4C2D63C17500AD6C0C /* CoreDataStack.swift */; };
		8D61BD4F2D63C17E00AD6C0C /* NoteViewModel.swift in Sources */ = {isa = PBXBuildFile; fileRef = 8D61BD4E2D63C17E00AD6C0C /* NoteViewModel.swift */; };
		8D61BD522D63C21300AD6C0C /* Notes.xcdatamodeld in Sources */ = {isa = PBXBuildFile; fileRef = 8D61BD502D63C21300AD6C0C /* Notes.xcdatamodeld */; };
		8D61BD552D63C27300AD6C0C /* Note+CoreDataClass.swift in Sources */ = {isa = PBXBuildFile; fileRef = 8D61BD532D63C27300AD6C0C /* Note+CoreDataClass.swift */; };
		8D61BD562D63C27300AD6C0C /* Note+CoreDataProperties.swift in Sources */ = {isa = PBXBuildFile; fileRef = 8D61BD542D63C27300AD6C0C /* Note+CoreDataProperties.swift */; };
/* End PBXBuildFile section */

/* Begin PBXFileReference section */
		8D61BD2A2D63BF0800AD6C0C /* ViperTest.app */ = {isa = PBXFileReference; explicitFileType = wrapper.application; includeInIndex = 0; path = ViperTest.app; sourceTree = BUILT_PRODUCTS_DIR; };
		8D61BD2D2D63BF0800AD6C0C /* ViperTestApp.swift */ = {isa = PBXFileReference; lastKnownFileType = sourcecode.swift; path = ViperTestApp.swift; sourceTree = "<group>"; };
		8D61BD2F2D63BF0800AD6C0C /* ContentView.swift */ = {isa = PBXFileReference; lastKnownFileType = sourcecode.swift; path = ContentView.swift; sourceTree = "<group>"; };
		8D61BD312D63BF0900AD6C0C /* Assets.xcassets */ = {isa = PBXFileReference; lastKnownFileType = folder.assetcatalog; path = Assets.xcassets; sourceTree = "<group>"; };
		8D61BD342D63BF0900AD6C0C /* Preview Assets.xcassets */ = {isa = PBXFileReference; lastKnownFileType = folder.assetcatalog; path = "Preview Assets.xcassets"; sourceTree = "<group>"; };
		8D61BD402D63C11000AD6C0C /* NotesListView.swift */ = {isa = PBXFileReference; lastKnownFileType = sourcecode.swift; path = NotesListView.swift; sourceTree = "<group>"; };
		8D61BD422D63C11D00AD6C0C /* NotesDetailView.swift */ = {isa = PBXFileReference; lastKnownFileType = sourcecode.swift; path = NotesDetailView.swift; sourceTree = "<group>"; };
		8D61BD442D63C12900AD6C0C /* NotesPresenter.swift */ = {isa = PBXFileReference; lastKnownFileType = sourcecode.swift; path = NotesPresenter.swift; sourceTree = "<group>"; };
		8D61BD462D63C13600AD6C0C /* NotesInteractor.swift */ = {isa = PBXFileReference; lastKnownFileType = sourcecode.swift; path = NotesInteractor.swift; sourceTree = "<group>"; };
		8D61BD482D63C15800AD6C0C /* NotesRouter.swift */ = {isa = PBXFileReference; lastKnownFileType = sourcecode.swift; path = NotesRouter.swift; sourceTree = "<group>"; };
		8D61BD4A2D63C16700AD6C0C /* DataLayer.swift */ = {isa = PBXFileReference; lastKnownFileType = sourcecode.swift; path = DataLayer.swift; sourceTree = "<group>"; };
		8D61BD4C2D63C17500AD6C0C /* CoreDataStack.swift */ = {isa = PBXFileReference; lastKnownFileType = sourcecode.swift; path = CoreDataStack.swift; sourceTree = "<group>"; };
		8D61BD4E2D63C17E00AD6C0C /* NoteViewModel.swift */ = {isa = PBXFileReference; lastKnownFileType = sourcecode.swift; path = NoteViewModel.swift; sourceTree = "<group>"; };
		8D61BD512D63C21300AD6C0C /* Notes.xcdatamodel */ = {isa = PBXFileReference; lastKnownFileType = wrapper.xcdatamodel; path = Notes.xcdatamodel; sourceTree = "<group>"; };
		8D61BD532D63C27300AD6C0C /* Note+CoreDataClass.swift */ = {isa = PBXFileReference; lastKnownFileType = sourcecode.swift; path = "Note+CoreDataClass.swift"; sourceTree = "<group>"; };
		8D61BD542D63C27300AD6C0C /* Note+CoreDataProperties.swift */ = {isa = PBXFileReference; lastKnownFileType = sourcecode.swift; path = "Note+CoreDataProperties.swift"; sourceTree = "<group>"; };
/* End PBXFileReference section */

/* Begin PBXFrameworksBuildPhase section */
		8D61BD272D63BF0800AD6C0C /* Frameworks */ = {
			isa = PBXFrameworksBuildPhase;
			buildActionMask = 2147483647;
			files = (
			);
			runOnlyForDeploymentPostprocessing = 0;
		};
/* End PBXFrameworksBuildPhase section */

/* Begin PBXGroup section */
		8D61BD212D63BF0800AD6C0C = {
			isa = PBXGroup;
			children = (
				8D61BD2C2D63BF0800AD6C0C /* ViperTest */,
				8D61BD2B2D63BF0800AD6C0C /* Products */,
			);
			sourceTree = "<group>";
		};
		8D61BD2B2D63BF0800AD6C0C /* Products */ = {
			isa = PBXGroup;
			children = (
				8D61BD2A2D63BF0800AD6C0C /* ViperTest.app */,
			);
			name = Products;
			sourceTree = "<group>";
		};
		8D61BD2C2D63BF0800AD6C0C /* ViperTest */ = {
			isa = PBXGroup;
			children = (
				8D61BD3F2D63BFC100AD6C0C /* router */,
				8D61BD3E2D63BFBB00AD6C0C /* Entity */,
				8D61BD3D2D63BFAB00AD6C0C /* Interactor */,
				8D61BD3C2D63BFA200AD6C0C /* Presenter */,
				8D61BD3B2D63BF9E00AD6C0C /* View */,
				8D61BD2D2D63BF0800AD6C0C /* ViperTestApp.swift */,
				8D61BD2F2D63BF0800AD6C0C /* ContentView.swift */,
				8D61BD312D63BF0900AD6C0C /* Assets.xcassets */,
				8D61BD332D63BF0900AD6C0C /* Preview Content */,
				8D61BD4A2D63C16700AD6C0C /* DataLayer.swift */,
				8D61BD4C2D63C17500AD6C0C /* CoreDataStack.swift */,
				8D61BD502D63C21300AD6C0C /* Notes.xcdatamodeld */,
			);
			path = ViperTest;
			sourceTree = "<group>";
		};
		8D61BD332D63BF0900AD6C0C /* Preview Content */ = {
			isa = PBXGroup;
			children = (
				8D61BD342D63BF0900AD6C0C /* Preview Assets.xcassets */,
			);
			path = "Preview Content";
			sourceTree = "<group>";
		};
		8D61BD3B2D63BF9E00AD6C0C /* View */ = {
			isa = PBXGroup;
			children = (
				8D61BD5C2D63C9E600AD6C0C /* NoteDetail */,
				8D61BD5B2D63C9A300AD6C0C /* ViewModels */,
				8D61BD572D63C91100AD6C0C /* NotesList */,
			);
			path = View;
			sourceTree = "<group>";
		};
		8D61BD3C2D63BFA200AD6C0C /* Presenter */ = {
			isa = PBXGroup;
			children = (
				8D61BD442D63C12900AD6C0C /* NotesPresenter.swift */,
			);
			path = Presenter;
			sourceTree = "<group>";
		};
		8D61BD3D2D63BFAB00AD6C0C /* Interactor */ = {
			isa = PBXGroup;
			children = (
				8D61BD462D63C13600AD6C0C /* NotesInteractor.swift */,
			);
			path = Interactor;
			sourceTree = "<group>";
		};
		8D61BD3E2D63BFBB00AD6C0C /* Entity */ = {
			isa = PBXGroup;
			children = (
				8D61BD542D63C27300AD6C0C /* Note+CoreDataProperties.swift */,
				8D61BD532D63C27300AD6C0C /* Note+CoreDataClass.swift */,
			);
			path = Entity;
			sourceTree = "<group>";
		};
		8D61BD3F2D63BFC100AD6C0C /* router */ = {
			isa = PBXGroup;
			children = (
				8D61BD482D63C15800AD6C0C /* NotesRouter.swift */,
			);
			path = router;
			sourceTree = "<group>";
		};
		8D61BD572D63C91100AD6C0C /* NotesList */ = {
			isa = PBXGroup;
			children = (
				8D61BD402D63C11000AD6C0C /* NotesListView.swift */,
			);
			path = NotesList;
			sourceTree = "<group>";
		};
		8D61BD5B2D63C9A300AD6C0C /* ViewModels */ = {
			isa = PBXGroup;
			children = (
				8D61BD4E2D63C17E00AD6C0C /* NoteViewModel.swift */,
			);
			path = ViewModels;
			sourceTree = "<group>";
		};
		8D61BD5C2D63C9E600AD6C0C /* NoteDetail */ = {
			isa = PBXGroup;
			children = (
				8D61BD422D63C11D00AD6C0C /* NotesDetailView.swift */,
			);
			path = NoteDetail;
			sourceTree = "<group>";
		};
/* End PBXGroup section */

/* Begin PBXNativeTarget section */
		8D61BD292D63BF0800AD6C0C /* ViperTest */ = {
			isa = PBXNativeTarget;
			buildConfigurationList = 8D61BD382D63BF0900AD6C0C /* Build configuration list for PBXNativeTarget "ViperTest" */;
			buildPhases = (
				8D61BD262D63BF0800AD6C0C /* Sources */,
				8D61BD272D63BF0800AD6C0C /* Frameworks */,
				8D61BD282D63BF0800AD6C0C /* Resources */,
			);
			buildRules = (
			);
			dependencies = (
			);
			name = ViperTest;
			productName = ViperTest;
			productReference = 8D61BD2A2D63BF0800AD6C0C /* ViperTest.app */;
			productType = "com.apple.product-type.application";
		};
/* End PBXNativeTarget section */

/* Begin PBXProject section */
		8D61BD222D63BF0800AD6C0C /* Project object */ = {
			isa = PBXProject;
			attributes = {
				BuildIndependentTargetsInParallel = 1;
				LastSwiftUpdateCheck = 1540;
				LastUpgradeCheck = 1540;
				TargetAttributes = {
					8D61BD292D63BF0800AD6C0C = {
						CreatedOnToolsVersion = 15.4;
					};
				};
			};
			buildConfigurationList = 8D61BD252D63BF0800AD6C0C /* Build configuration list for PBXProject "ViperTest" */;
			compatibilityVersion = "Xcode 14.0";
			developmentRegion = en;
			hasScannedForEncodings = 0;
			knownRegions = (
				en,
				Base,
			);
			mainGroup = 8D61BD212D63BF0800AD6C0C;
			productRefGroup = 8D61BD2B2D63BF0800AD6C0C /* Products */;
			projectDirPath = "";
			projectRoot = "";
			targets = (
				8D61BD292D63BF0800AD6C0C /* ViperTest */,
			);
		};
/* End PBXProject section */

/* Begin PBXResourcesBuildPhase section */
		8D61BD282D63BF0800AD6C0C /* Resources */ = {
			isa = PBXResourcesBuildPhase;
			buildActionMask = 2147483647;
			files = (
				8D61BD352D63BF0900AD6C0C /* Preview Assets.xcassets in Resources */,
				8D61BD322D63BF0900AD6C0C /* Assets.xcassets in Resources */,
			);
			runOnlyForDeploymentPostprocessing = 0;
		};
/* End PBXResourcesBuildPhase section */

/* Begin PBXSourcesBuildPhase section */
		8D61BD262D63BF0800AD6C0C /* Sources */ = {
			isa = PBXSourcesBuildPhase;
			buildActionMask = 2147483647;
			files = (
				8D61BD4F2D63C17E00AD6C0C /* NoteViewModel.swift in Sources */,
				8D61BD302D63BF0800AD6C0C /* ContentView.swift in Sources */,
				8D61BD552D63C27300AD6C0C /* Note+CoreDataClass.swift in Sources */,
				8D61BD562D63C27300AD6C0C /* Note+CoreDataProperties.swift in Sources */,
				8D61BD4B2D63C16700AD6C0C /* DataLayer.swift in Sources */,
				8D61BD412D63C11000AD6C0C /* NotesListView.swift in Sources */,
				8D61BD4D2D63C17500AD6C0C /* CoreDataStack.swift in Sources */,
				8D61BD492D63C15800AD6C0C /* NotesRouter.swift in Sources */,
				8D61BD472D63C13600AD6C0C /* NotesInteractor.swift in Sources */,
				8D61BD452D63C12900AD6C0C /* NotesPresenter.swift in Sources */,
				8D61BD2E2D63BF0800AD6C0C /* ViperTestApp.swift in Sources */,
				8D61BD522D63C21300AD6C0C /* Notes.xcdatamodeld in Sources */,
				8D61BD432D63C11D00AD6C0C /* NotesDetailView.swift in Sources */,
			);
			runOnlyForDeploymentPostprocessing = 0;
		};
/* End PBXSourcesBuildPhase section */

/* Begin XCBuildConfiguration section */
		8D61BD362D63BF0900AD6C0C /* Debug */ = {
			isa = XCBuildConfiguration;
			buildSettings = {
				ALWAYS_SEARCH_USER_PATHS = NO;
				ASSETCATALOG_COMPILER_GENERATE_SWIFT_ASSET_SYMBOL_EXTENSIONS = YES;
				CLANG_ANALYZER_NONNULL = YES;
				CLANG_ANALYZER_NUMBER_OBJECT_CONVERSION = YES_AGGRESSIVE;
				CLANG_CXX_LANGUAGE_STANDARD = "gnu++20";
				CLANG_ENABLE_MODULES = YES;
				CLANG_ENABLE_OBJC_ARC = YES;
				CLANG_ENABLE_OBJC_WEAK = YES;
				CLANG_WARN_BLOCK_CAPTURE_AUTORELEASING = YES;
				CLANG_WARN_BOOL_CONVERSION = YES;
				CLANG_WARN_COMMA = YES;
				CLANG_WARN_CONSTANT_CONVERSION = YES;
				CLANG_WARN_DEPRECATED_OBJC_IMPLEMENTATIONS = YES;
				CLANG_WARN_DIRECT_OBJC_ISA_USAGE = YES_ERROR;
				CLANG_WARN_DOCUMENTATION_COMMENTS = YES;
				CLANG_WARN_EMPTY_BODY = YES;
				CLANG_WARN_ENUM_CONVERSION = YES;
				CLANG_WARN_INFINITE_RECURSION = YES;
				CLANG_WARN_INT_CONVERSION = YES;
				CLANG_WARN_NON_LITERAL_NULL_CONVERSION = YES;
				CLANG_WARN_OBJC_IMPLICIT_RETAIN_SELF = YES;
				CLANG_WARN_OBJC_LITERAL_CONVERSION = YES;
				CLANG_WARN_OBJC_ROOT_CLASS = YES_ERROR;
				CLANG_WARN_QUOTED_INCLUDE_IN_FRAMEWORK_HEADER = YES;
				CLANG_WARN_RANGE_LOOP_ANALYSIS = YES;
				CLANG_WARN_STRICT_PROTOTYPES = YES;
				CLANG_WARN_SUSPICIOUS_MOVE = YES;
				CLANG_WARN_UNGUARDED_AVAILABILITY = YES_AGGRESSIVE;
				CLANG_WARN_UNREACHABLE_CODE = YES;
				CLANG_WARN__DUPLICATE_METHOD_MATCH = YES;
				COPY_PHASE_STRIP = NO;
				DEBUG_INFORMATION_FORMAT = dwarf;
				ENABLE_STRICT_OBJC_MSGSEND = YES;
				ENABLE_TESTABILITY = YES;
				ENABLE_USER_SCRIPT_SANDBOXING = YES;
				GCC_C_LANGUAGE_STANDARD = gnu17;
				GCC_DYNAMIC_NO_PIC = NO;
				GCC_NO_COMMON_BLOCKS = YES;
				GCC_OPTIMIZATION_LEVEL = 0;
				GCC_PREPROCESSOR_DEFINITIONS = (
					"DEBUG=1",
					"$(inherited)",
				);
				GCC_WARN_64_TO_32_BIT_CONVERSION = YES;
				GCC_WARN_ABOUT_RETURN_TYPE = YES_ERROR;
				GCC_WARN_UNDECLARED_SELECTOR = YES;
				GCC_WARN_UNINITIALIZED_AUTOS = YES_AGGRESSIVE;
				GCC_WARN_UNUSED_FUNCTION = YES;
				GCC_WARN_UNUSED_VARIABLE = YES;
				IPHONEOS_DEPLOYMENT_TARGET = 17.5;
				LOCALIZATION_PREFERS_STRING_CATALOGS = YES;
				MTL_ENABLE_DEBUG_INFO = INCLUDE_SOURCE;
				MTL_FAST_MATH = YES;
				ONLY_ACTIVE_ARCH = YES;
				SDKROOT = iphoneos;
				SWIFT_ACTIVE_COMPILATION_CONDITIONS = "DEBUG $(inherited)";
				SWIFT_OPTIMIZATION_LEVEL = "-Onone";
			};
			name = Debug;
		};
		8D61BD372D63BF0900AD6C0C /* Release */ = {
			isa = XCBuildConfiguration;
			buildSettings = {
				ALWAYS_SEARCH_USER_PATHS = NO;
				ASSETCATALOG_COMPILER_GENERATE_SWIFT_ASSET_SYMBOL_EXTENSIONS = YES;
				CLANG_ANALYZER_NONNULL = YES;
				CLANG_ANALYZER_NUMBER_OBJECT_CONVERSION = YES_AGGRESSIVE;
				CLANG_CXX_LANGUAGE_STANDARD = "gnu++20";
				CLANG_ENABLE_MODULES = YES;
				CLANG_ENABLE_OBJC_ARC = YES;
				CLANG_ENABLE_OBJC_WEAK = YES;
				CLANG_WARN_BLOCK_CAPTURE_AUTORELEASING = YES;
				CLANG_WARN_BOOL_CONVERSION = YES;
				CLANG_WARN_COMMA = YES;
				CLANG_WARN_CONSTANT_CONVERSION = YES;
				CLANG_WARN_DEPRECATED_OBJC_IMPLEMENTATIONS = YES;
				CLANG_WARN_DIRECT_OBJC_ISA_USAGE = YES_ERROR;
				CLANG_WARN_DOCUMENTATION_COMMENTS = YES;
				CLANG_WARN_EMPTY_BODY = YES;
				CLANG_WARN_ENUM_CONVERSION = YES;
				CLANG_WARN_INFINITE_RECURSION = YES;
				CLANG_WARN_INT_CONVERSION = YES;
				CLANG_WARN_NON_LITERAL_NULL_CONVERSION = YES;
				CLANG_WARN_OBJC_IMPLICIT_RETAIN_SELF = YES;
				CLANG_WARN_OBJC_LITERAL_CONVERSION = YES;
				CLANG_WARN_OBJC_ROOT_CLASS = YES_ERROR;
				CLANG_WARN_QUOTED_INCLUDE_IN_FRAMEWORK_HEADER = YES;
				CLANG_WARN_RANGE_LOOP_ANALYSIS = YES;
				CLANG_WARN_STRICT_PROTOTYPES = YES;
				CLANG_WARN_SUSPICIOUS_MOVE = YES;
				CLANG_WARN_UNGUARDED_AVAILABILITY = YES_AGGRESSIVE;
				CLANG_WARN_UNREACHABLE_CODE = YES;
				CLANG_WARN__DUPLICATE_METHOD_MATCH = YES;
				COPY_PHASE_STRIP = NO;
				DEBUG_INFORMATION_FORMAT = "dwarf-with-dsym";
				ENABLE_NS_ASSERTIONS = NO;
				ENABLE_STRICT_OBJC_MSGSEND = YES;
				ENABLE_USER_SCRIPT_SANDBOXING = YES;
				GCC_C_LANGUAGE_STANDARD = gnu17;
				GCC_NO_COMMON_BLOCKS = YES;
				GCC_WARN_64_TO_32_BIT_CONVERSION = YES;
				GCC_WARN_ABOUT_RETURN_TYPE = YES_ERROR;
				GCC_WARN_UNDECLARED_SELECTOR = YES;
				GCC_WARN_UNINITIALIZED_AUTOS = YES_AGGRESSIVE;
				GCC_WARN_UNUSED_FUNCTION = YES;
				GCC_WARN_UNUSED_VARIABLE = YES;
				IPHONEOS_DEPLOYMENT_TARGET = 17.5;
				LOCALIZATION_PREFERS_STRING_CATALOGS = YES;
				MTL_ENABLE_DEBUG_INFO = NO;
				MTL_FAST_MATH = YES;
				SDKROOT = iphoneos;
				SWIFT_COMPILATION_MODE = wholemodule;
				VALIDATE_PRODUCT = YES;
			};
			name = Release;
		};
		8D61BD392D63BF0900AD6C0C /* Debug */ = {
			isa = XCBuildConfiguration;
			buildSettings = {
				ASSETCATALOG_COMPILER_APPICON_NAME = AppIcon;
				ASSETCATALOG_COMPILER_GLOBAL_ACCENT_COLOR_NAME = AccentColor;
				CODE_SIGN_STYLE = Automatic;
				CURRENT_PROJECT_VERSION = 1;
				DEVELOPMENT_ASSET_PATHS = "\"ViperTest/Preview Content\"";
				DEVELOPMENT_TEAM = TJMJV7ZV7T;
				ENABLE_PREVIEWS = YES;
				GENERATE_INFOPLIST_FILE = YES;
				INFOPLIST_KEY_UIApplicationSceneManifest_Generation = YES;
				INFOPLIST_KEY_UIApplicationSupportsIndirectInputEvents = YES;
				INFOPLIST_KEY_UILaunchScreen_Generation = YES;
				INFOPLIST_KEY_UISupportedInterfaceOrientations_iPad = "UIInterfaceOrientationPortrait UIInterfaceOrientationPortraitUpsideDown UIInterfaceOrientationLandscapeLeft UIInterfaceOrientationLandscapeRight";
				INFOPLIST_KEY_UISupportedInterfaceOrientations_iPhone = "UIInterfaceOrientationPortrait UIInterfaceOrientationLandscapeLeft UIInterfaceOrientationLandscapeRight";
				LD_RUNPATH_SEARCH_PATHS = (
					"$(inherited)",
					"@executable_path/Frameworks",
				);
				MARKETING_VERSION = 1.0;
				PRODUCT_BUNDLE_IDENTIFIER = com.Marcos.ViperTest;
				PRODUCT_NAME = "$(TARGET_NAME)";
				SWIFT_EMIT_LOC_STRINGS = YES;
				SWIFT_VERSION = 5.0;
				TARGETED_DEVICE_FAMILY = "1,2";
			};
			name = Debug;
		};
		8D61BD3A2D63BF0900AD6C0C /* Release */ = {
			isa = XCBuildConfiguration;
			buildSettings = {
				ASSETCATALOG_COMPILER_APPICON_NAME = AppIcon;
				ASSETCATALOG_COMPILER_GLOBAL_ACCENT_COLOR_NAME = AccentColor;
				CODE_SIGN_STYLE = Automatic;
				CURRENT_PROJECT_VERSION = 1;
				DEVELOPMENT_ASSET_PATHS = "\"ViperTest/Preview Content\"";
				DEVELOPMENT_TEAM = TJMJV7ZV7T;
				ENABLE_PREVIEWS = YES;
				GENERATE_INFOPLIST_FILE = YES;
				INFOPLIST_KEY_UIApplicationSceneManifest_Generation = YES;
				INFOPLIST_KEY_UIApplicationSupportsIndirectInputEvents = YES;
				INFOPLIST_KEY_UILaunchScreen_Generation = YES;
				INFOPLIST_KEY_UISupportedInterfaceOrientations_iPad = "UIInterfaceOrientationPortrait UIInterfaceOrientationPortraitUpsideDown UIInterfaceOrientationLandscapeLeft UIInterfaceOrientationLandscapeRight";
				INFOPLIST_KEY_UISupportedInterfaceOrientations_iPhone = "UIInterfaceOrientationPortrait UIInterfaceOrientationLandscapeLeft UIInterfaceOrientationLandscapeRight";
				LD_RUNPATH_SEARCH_PATHS = (
					"$(inherited)",
					"@executable_path/Frameworks",
				);
				MARKETING_VERSION = 1.0;
				PRODUCT_BUNDLE_IDENTIFIER = com.Marcos.ViperTest;
				PRODUCT_NAME = "$(TARGET_NAME)";
				SWIFT_EMIT_LOC_STRINGS = YES;
				SWIFT_VERSION = 5.0;
				TARGETED_DEVICE_FAMILY = "1,2";
			};
			name = Release;
		};
/* End XCBuildConfiguration section */

/* Begin XCConfigurationList section */
		8D61BD252D63BF0800AD6C0C /* Build configuration list for PBXProject "ViperTest" */ = {
			isa = XCConfigurationList;
			buildConfigurations = (
				8D61BD362D63BF0900AD6C0C /* Debug */,
				8D61BD372D63BF0900AD6C0C /* Release */,
			);
			defaultConfigurationIsVisible = 0;
			defaultConfigurationName = Release;
		};
		8D61BD382D63BF0900AD6C0C /* Build configuration list for PBXNativeTarget "ViperTest" */ = {
			isa = XCConfigurationList;
			buildConfigurations = (
				8D61BD392D63BF0900AD6C0C /* Debug */,
				8D61BD3A2D63BF0900AD6C0C /* Release */,
			);
			defaultConfigurationIsVisible = 0;
			defaultConfigurationName = Release;
		};
/* End XCConfigurationList section */

/* Begin XCVersionGroup section */
		8D61BD502D63C21300AD6C0C /* Notes.xcdatamodeld */ = {
			isa = XCVersionGroup;
			children = (
				8D61BD512D63C21300AD6C0C /* Notes.xcdatamodel */,
			);
			currentVersion = 8D61BD512D63C21300AD6C0C /* Notes.xcdatamodel */;
			name = Notes.xcdatamodeld;
			path = /Users/marcos/Documents/Proyectos/ViperTest/ViperTest/Notes.xcdatamodeld;
			sourceTree = "<group>";
			versionGroupType = wrapper.xcdatamodel;
		};
/* End XCVersionGroup section */
	};
	rootObject = 8D61BD222D63BF0800AD6C0C /* Project object */;
}
